
Microsoft Visual Studio Solution File, Format Version 12.00
# Visual Studio Version 17
VisualStudioVersion = 17.4.33110.190
MinimumVisualStudioVersion = 10.0.40219.1
Project("{FAE04EC0-301F-11D3-BF4B-00C04F79EFBC}") = "001_TPL", "001_TPL\001_TPL.csproj", "{19C524A6-AF45-4C06-8675-08449C79B089}"
EndProject
Project("{FAE04EC0-301F-11D3-BF4B-00C04F79EFBC}") = "002_TPL", "002_TPL\002_TPL.csproj", "{F7A1FA19-469F-466D-A787-78D6D872213A}"
EndProject
Project("{FAE04EC0-301F-11D3-BF4B-00C04F79EFBC}") = "003_TPL", "003_TPL\003_TPL.csproj", "{31A30C1B-FCD1-4936-8A66-2341C2BFF7B6}"
EndProject
Project("{FAE04EC0-301F-11D3-BF4B-00C04F79EFBC}") = "004_TPL", "004_TPL\004_TPL.csproj", "{95C74DDA-41C0-4790-A65B-5A3F4F2E91D8}"
EndProject
Project("{FAE04EC0-301F-11D3-BF4B-00C04F79EFBC}") = "005_TPL", "005_TPL\005_TPL.csproj", "{381C017B-08D9-4CB5-8E4C-BCDA169E98BF}"
EndProject
Project("{FAE04EC0-301F-11D3-BF4B-00C04F79EFBC}") = "006_TPL", "006_TPL\006_TPL.csproj", "{1CE44BB8-2A87-47F3-B543-DD708CFB8CDF}"
EndProject
Project("{FAE04EC0-301F-11D3-BF4B-00C04F79EFBC}") = "007_TPL", "007_TPL\007_TPL.csproj", "{05B23270-A479-4BBB-8F3D-53BE099B8A3F}"
EndProject
Project("{FAE04EC0-301F-11D3-BF4B-00C04F79EFBC}") = "008_TPL", "008_TPL\008_TPL.csproj", "{0B884FE3-DB96-401D-933E-E58361864078}"
EndProject
Project("{FAE04EC0-301F-11D3-BF4B-00C04F79EFBC}") = "009_TPL", "009_TPL\009_TPL.csproj", "{43F59440-C575-4A32-B97D-A433CCC14281}"
EndProject
Project("{FAE04EC0-301F-11D3-BF4B-00C04F79EFBC}") = "010_TPL", "010_TPL\010_TPL.csproj", "{2380DAC8-6797-4DF5-882B-B86B17A2B9F7}"
EndProject
Project("{FAE04EC0-301F-11D3-BF4B-00C04F79EFBC}") = "TaskContinuationOption", "TaskContinuationOption\TaskContinuationOption.csproj", "{5ECE33EA-7FCD-497E-950D-0897CD210F7D}"
EndProject
Project("{FAE04EC0-301F-11D3-BF4B-00C04F79EFBC}") = "PackageManager", "PackageManager\PackageManager.csproj", "{9EB1091A-7A84-4AD0-8F11-802284E707A9}"
EndProject
Project("{FAE04EC0-301F-11D3-BF4B-00C04F79EFBC}") = "001_ValueTaskExcample", "001_ValueTaskExcample\001_ValueTaskExcample.csproj", "{F355D124-885C-4FBB-B478-1B55FF2F79A3}"
EndProject
Project("{FAE04EC0-301F-11D3-BF4B-00C04F79EFBC}") = "002_ValueTaskExcample", "021_ValueTaskExcample\002_ValueTaskExcample.csproj", "{563934E3-E94B-4B29-8763-981BE890A31A}"
EndProject
Project("{FAE04EC0-301F-11D3-BF4B-00C04F79EFBC}") = "003_ValueTaskExample", "003_ValueTaskExample\003_ValueTaskExample.csproj", "{08F03B4D-CECA-41E5-93AC-340FB833705B}"
EndProject
Project("{FAE04EC0-301F-11D3-BF4B-00C04F79EFBC}") = "CalculateSync", "CalculateSync\CalculateSync.csproj", "{2278CD83-17A4-4139-A67C-EEE3A33D061D}"
EndProject
Global
	GlobalSection(SolutionConfigurationPlatforms) = preSolution
		Debug|Any CPU = Debug|Any CPU
		Release|Any CPU = Release|Any CPU
	EndGlobalSection
	GlobalSection(ProjectConfigurationPlatforms) = postSolution
		{19C524A6-AF45-4C06-8675-08449C79B089}.Debug|Any CPU.ActiveCfg = Debug|Any CPU
		{19C524A6-AF45-4C06-8675-08449C79B089}.Debug|Any CPU.Build.0 = Debug|Any CPU
		{19C524A6-AF45-4C06-8675-08449C79B089}.Release|Any CPU.ActiveCfg = Release|Any CPU
		{19C524A6-AF45-4C06-8675-08449C79B089}.Release|Any CPU.Build.0 = Release|Any CPU
		{F7A1FA19-469F-466D-A787-78D6D872213A}.Debug|Any CPU.ActiveCfg = Debug|Any CPU
		{F7A1FA19-469F-466D-A787-78D6D872213A}.Debug|Any CPU.Build.0 = Debug|Any CPU
		{F7A1FA19-469F-466D-A787-78D6D872213A}.Release|Any CPU.ActiveCfg = Release|Any CPU
		{F7A1FA19-469F-466D-A787-78D6D872213A}.Release|Any CPU.Build.0 = Release|Any CPU
		{31A30C1B-FCD1-4936-8A66-2341C2BFF7B6}.Debug|Any CPU.ActiveCfg = Debug|Any CPU
		{31A30C1B-FCD1-4936-8A66-2341C2BFF7B6}.Debug|Any CPU.Build.0 = Debug|Any CPU
		{31A30C1B-FCD1-4936-8A66-2341C2BFF7B6}.Release|Any CPU.ActiveCfg = Release|Any CPU
		{31A30C1B-FCD1-4936-8A66-2341C2BFF7B6}.Release|Any CPU.Build.0 = Release|Any CPU
		{95C74DDA-41C0-4790-A65B-5A3F4F2E91D8}.Debug|Any CPU.ActiveCfg = Debug|Any CPU
		{95C74DDA-41C0-4790-A65B-5A3F4F2E91D8}.Debug|Any CPU.Build.0 = Debug|Any CPU
		{95C74DDA-41C0-4790-A65B-5A3F4F2E91D8}.Release|Any CPU.ActiveCfg = Release|Any CPU
		{95C74DDA-41C0-4790-A65B-5A3F4F2E91D8}.Release|Any CPU.Build.0 = Release|Any CPU
		{381C017B-08D9-4CB5-8E4C-BCDA169E98BF}.Debug|Any CPU.ActiveCfg = Debug|Any CPU
		{381C017B-08D9-4CB5-8E4C-BCDA169E98BF}.Debug|Any CPU.Build.0 = Debug|Any CPU
		{381C017B-08D9-4CB5-8E4C-BCDA169E98BF}.Release|Any CPU.ActiveCfg = Release|Any CPU
		{381C017B-08D9-4CB5-8E4C-BCDA169E98BF}.Release|Any CPU.Build.0 = Release|Any CPU
		{1CE44BB8-2A87-47F3-B543-DD708CFB8CDF}.Debug|Any CPU.ActiveCfg = Debug|Any CPU
		{1CE44BB8-2A87-47F3-B543-DD708CFB8CDF}.Debug|Any CPU.Build.0 = Debug|Any CPU
		{1CE44BB8-2A87-47F3-B543-DD708CFB8CDF}.Release|Any CPU.ActiveCfg = Release|Any CPU
		{1CE44BB8-2A87-47F3-B543-DD708CFB8CDF}.Release|Any CPU.Build.0 = Release|Any CPU
		{05B23270-A479-4BBB-8F3D-53BE099B8A3F}.Debug|Any CPU.ActiveCfg = Debug|Any CPU
		{05B23270-A479-4BBB-8F3D-53BE099B8A3F}.Debug|Any CPU.Build.0 = Debug|Any CPU
		{05B23270-A479-4BBB-8F3D-53BE099B8A3F}.Release|Any CPU.ActiveCfg = Release|Any CPU
		{05B23270-A479-4BBB-8F3D-53BE099B8A3F}.Release|Any CPU.Build.0 = Release|Any CPU
		{0B884FE3-DB96-401D-933E-E58361864078}.Debug|Any CPU.ActiveCfg = Debug|Any CPU
		{0B884FE3-DB96-401D-933E-E58361864078}.Debug|Any CPU.Build.0 = Debug|Any CPU
		{0B884FE3-DB96-401D-933E-E58361864078}.Release|Any CPU.ActiveCfg = Release|Any CPU
		{0B884FE3-DB96-401D-933E-E58361864078}.Release|Any CPU.Build.0 = Release|Any CPU
		{43F59440-C575-4A32-B97D-A433CCC14281}.Debug|Any CPU.ActiveCfg = Debug|Any CPU
		{43F59440-C575-4A32-B97D-A433CCC14281}.Debug|Any CPU.Build.0 = Debug|Any CPU
		{43F59440-C575-4A32-B97D-A433CCC14281}.Release|Any CPU.ActiveCfg = Release|Any CPU
		{43F59440-C575-4A32-B97D-A433CCC14281}.Release|Any CPU.Build.0 = Release|Any CPU
		{2380DAC8-6797-4DF5-882B-B86B17A2B9F7}.Debug|Any CPU.ActiveCfg = Debug|Any CPU
		{2380DAC8-6797-4DF5-882B-B86B17A2B9F7}.Debug|Any CPU.Build.0 = Debug|Any CPU
		{2380DAC8-6797-4DF5-882B-B86B17A2B9F7}.Release|Any CPU.ActiveCfg = Release|Any CPU
		{2380DAC8-6797-4DF5-882B-B86B17A2B9F7}.Release|Any CPU.Build.0 = Release|Any CPU
		{5ECE33EA-7FCD-497E-950D-0897CD210F7D}.Debug|Any CPU.ActiveCfg = Debug|Any CPU
		{5ECE33EA-7FCD-497E-950D-0897CD210F7D}.Debug|Any CPU.Build.0 = Debug|Any CPU
		{5ECE33EA-7FCD-497E-950D-0897CD210F7D}.Release|Any CPU.ActiveCfg = Release|Any CPU
		{5ECE33EA-7FCD-497E-950D-0897CD210F7D}.Release|Any CPU.Build.0 = Release|Any CPU
		{9EB1091A-7A84-4AD0-8F11-802284E707A9}.Debug|Any CPU.ActiveCfg = Debug|Any CPU
		{9EB1091A-7A84-4AD0-8F11-802284E707A9}.Debug|Any CPU.Build.0 = Debug|Any CPU
		{9EB1091A-7A84-4AD0-8F11-802284E707A9}.Release|Any CPU.ActiveCfg = Release|Any CPU
		{9EB1091A-7A84-4AD0-8F11-802284E707A9}.Release|Any CPU.Build.0 = Release|Any CPU
		{F355D124-885C-4FBB-B478-1B55FF2F79A3}.Debug|Any CPU.ActiveCfg = Debug|Any CPU
		{F355D124-885C-4FBB-B478-1B55FF2F79A3}.Debug|Any CPU.Build.0 = Debug|Any CPU
		{F355D124-885C-4FBB-B478-1B55FF2F79A3}.Release|Any CPU.ActiveCfg = Release|Any CPU
		{F355D124-885C-4FBB-B478-1B55FF2F79A3}.Release|Any CPU.Build.0 = Release|Any CPU
		{563934E3-E94B-4B29-8763-981BE890A31A}.Debug|Any CPU.ActiveCfg = Debug|Any CPU
		{563934E3-E94B-4B29-8763-981BE890A31A}.Debug|Any CPU.Build.0 = Debug|Any CPU
		{563934E3-E94B-4B29-8763-981BE890A31A}.Release|Any CPU.ActiveCfg = Release|Any CPU
		{563934E3-E94B-4B29-8763-981BE890A31A}.Release|Any CPU.Build.0 = Release|Any CPU
		{08F03B4D-CECA-41E5-93AC-340FB833705B}.Debug|Any CPU.ActiveCfg = Debug|Any CPU
		{08F03B4D-CECA-41E5-93AC-340FB833705B}.Debug|Any CPU.Build.0 = Debug|Any CPU
		{08F03B4D-CECA-41E5-93AC-340FB833705B}.Release|Any CPU.ActiveCfg = Release|Any CPU
		{08F03B4D-CECA-41E5-93AC-340FB833705B}.Release|Any CPU.Build.0 = Release|Any CPU
		{2278CD83-17A4-4139-A67C-EEE3A33D061D}.Debug|Any CPU.ActiveCfg = Debug|Any CPU
		{2278CD83-17A4-4139-A67C-EEE3A33D061D}.Debug|Any CPU.Build.0 = Debug|Any CPU
		{2278CD83-17A4-4139-A67C-EEE3A33D061D}.Release|Any CPU.ActiveCfg = Release|Any CPU
		{2278CD83-17A4-4139-A67C-EEE3A33D061D}.Release|Any CPU.Build.0 = Release|Any CPU
	EndGlobalSection
	GlobalSection(SolutionProperties) = preSolution
		HideSolutionNode = FALSE
	EndGlobalSection
	GlobalSection(ExtensibilityGlobals) = postSolution
		SolutionGuid = {ABE24FA0-7A2A-4DC6-BCEB-4E760D2C2FC1}
	EndGlobalSection
EndGlobal
