
Microsoft Visual Studio Solution File, Format Version 12.00
# Visual Studio Version 17
VisualStudioVersion = 17.4.33110.190
MinimumVisualStudioVersion = 10.0.40219.1
Project("{FAE04EC0-301F-11D3-BF4B-00C04F79EFBC}") = "001_TPL", "001_TPL\001_TPL.csproj", "{19C524A6-AF45-4C06-8675-08449C79B089}"
EndProject
Project("{FAE04EC0-301F-11D3-BF4B-00C04F79EFBC}") = "002_TPL", "002_TPL\002_TPL.csproj", "{F7A1FA19-469F-466D-A787-78D6D872213A}"
EndProject
Project("{FAE04EC0-301F-11D3-BF4B-00C04F79EFBC}") = "003_TPL", "003_TPL\003_TPL.csproj", "{31A30C1B-FCD1-4936-8A66-2341C2BFF7B6}"
EndProject
Project("{FAE04EC0-301F-11D3-BF4B-00C04F79EFBC}") = "004_TPL", "004_TPL\004_TPL.csproj", "{95C74DDA-41C0-4790-A65B-5A3F4F2E91D8}"
EndProject
Project("{FAE04EC0-301F-11D3-BF4B-00C04F79EFBC}") = "005_TPL", "005_TPL\005_TPL.csproj", "{381C017B-08D9-4CB5-8E4C-BCDA169E98BF}"
EndProject
Global
	GlobalSection(SolutionConfigurationPlatforms) = preSolution
		Debug|Any CPU = Debug|Any CPU
		Release|Any CPU = Release|Any CPU
	EndGlobalSection
	GlobalSection(ProjectConfigurationPlatforms) = postSolution
		{19C524A6-AF45-4C06-8675-08449C79B089}.Debug|Any CPU.ActiveCfg = Debug|Any CPU
		{19C524A6-AF45-4C06-8675-08449C79B089}.Debug|Any CPU.Build.0 = Debug|Any CPU
		{19C524A6-AF45-4C06-8675-08449C79B089}.Release|Any CPU.ActiveCfg = Release|Any CPU
		{19C524A6-AF45-4C06-8675-08449C79B089}.Release|Any CPU.Build.0 = Release|Any CPU
		{F7A1FA19-469F-466D-A787-78D6D872213A}.Debug|Any CPU.ActiveCfg = Debug|Any CPU
		{F7A1FA19-469F-466D-A787-78D6D872213A}.Debug|Any CPU.Build.0 = Debug|Any CPU
		{F7A1FA19-469F-466D-A787-78D6D872213A}.Release|Any CPU.ActiveCfg = Release|Any CPU
		{F7A1FA19-469F-466D-A787-78D6D872213A}.Release|Any CPU.Build.0 = Release|Any CPU
		{31A30C1B-FCD1-4936-8A66-2341C2BFF7B6}.Debug|Any CPU.ActiveCfg = Debug|Any CPU
		{31A30C1B-FCD1-4936-8A66-2341C2BFF7B6}.Debug|Any CPU.Build.0 = Debug|Any CPU
		{31A30C1B-FCD1-4936-8A66-2341C2BFF7B6}.Release|Any CPU.ActiveCfg = Release|Any CPU
		{31A30C1B-FCD1-4936-8A66-2341C2BFF7B6}.Release|Any CPU.Build.0 = Release|Any CPU
		{95C74DDA-41C0-4790-A65B-5A3F4F2E91D8}.Debug|Any CPU.ActiveCfg = Debug|Any CPU
		{95C74DDA-41C0-4790-A65B-5A3F4F2E91D8}.Debug|Any CPU.Build.0 = Debug|Any CPU
		{95C74DDA-41C0-4790-A65B-5A3F4F2E91D8}.Release|Any CPU.ActiveCfg = Release|Any CPU
		{95C74DDA-41C0-4790-A65B-5A3F4F2E91D8}.Release|Any CPU.Build.0 = Release|Any CPU
		{381C017B-08D9-4CB5-8E4C-BCDA169E98BF}.Debug|Any CPU.ActiveCfg = Debug|Any CPU
		{381C017B-08D9-4CB5-8E4C-BCDA169E98BF}.Debug|Any CPU.Build.0 = Debug|Any CPU
		{381C017B-08D9-4CB5-8E4C-BCDA169E98BF}.Release|Any CPU.ActiveCfg = Release|Any CPU
		{381C017B-08D9-4CB5-8E4C-BCDA169E98BF}.Release|Any CPU.Build.0 = Release|Any CPU
	EndGlobalSection
	GlobalSection(SolutionProperties) = preSolution
		HideSolutionNode = FALSE
	EndGlobalSection
	GlobalSection(ExtensibilityGlobals) = postSolution
		SolutionGuid = {ABE24FA0-7A2A-4DC6-BCEB-4E760D2C2FC1}
	EndGlobalSection
EndGlobal
